
Microsoft Visual Studio Solution File, Format Version 12.00
# Visual Studio 15
VisualStudioVersion = 15.0.26730.15
MinimumVisualStudioVersion = 10.0.40219.1
Project("{FAE04EC0-301F-11D3-BF4B-00C04F79EFBC}") = "Amaze", "Amaze\Amaze.csproj", "{881A9486-18AF-4283-99A2-84754A40395C}"
EndProject
Global
	GlobalSection(SolutionConfigurationPlatforms) = preSolution
		Debug|Any CPU = Debug|Any CPU
		Release|Any CPU = Release|Any CPU
	EndGlobalSection
	GlobalSection(ProjectConfigurationPlatforms) = postSolution
		{881A9486-18AF-4283-99A2-84754A40395C}.Debug|Any CPU.ActiveCfg = Debug|Any CPU
		{881A9486-18AF-4283-99A2-84754A40395C}.Debug|Any CPU.Build.0 = Debug|Any CPU
		{881A9486-18AF-4283-99A2-84754A40395C}.Release|Any CPU.ActiveCfg = Release|Any CPU
		{881A9486-18AF-4283-99A2-84754A40395C}.Release|Any CPU.Build.0 = Release|Any CPU
	EndGlobalSection
	GlobalSection(SolutionProperties) = preSolution
		HideSolutionNode = FALSE
	EndGlobalSection
	GlobalSection(ExtensibilityGlobals) = postSolution
		SolutionGuid = {5BCA42CD-1CAA-4228-B8AE-8D63113353F5}
	EndGlobalSection
EndGlobal
